
Microsoft Visual Studio Solution File, Format Version 12.00
# Visual Studio Version 17
VisualStudioVersion = 17.0.31903.59
MinimumVisualStudioVersion = 10.0.40219.1
Project("{9A19103F-16F7-4668-BE54-9A1E7A4F7556}") = "Caricamento Musica", "Caricamento Musica\Caricamento Musica.csproj", "{F06FD645-66BC-4E2E-B203-D5AA93B7FFC2}"
EndProject
Project("{9A19103F-16F7-4668-BE54-9A1E7A4F7556}") = "WebApplication2", "WebApplication2\WebApplication2.csproj", "{AA1DEE12-4882-45DC-983C-5EA7933FD797}"
EndProject
Global
	GlobalSection(SolutionConfigurationPlatforms) = preSolution
		Debug|Any CPU = Debug|Any CPU
		Release|Any CPU = Release|Any CPU
	EndGlobalSection
	GlobalSection(ProjectConfigurationPlatforms) = postSolution
		{F06FD645-66BC-4E2E-B203-D5AA93B7FFC2}.Debug|Any CPU.ActiveCfg = Debug|Any CPU
		{F06FD645-66BC-4E2E-B203-D5AA93B7FFC2}.Debug|Any CPU.Build.0 = Debug|Any CPU
		{F06FD645-66BC-4E2E-B203-D5AA93B7FFC2}.Release|Any CPU.ActiveCfg = Release|Any CPU
		{F06FD645-66BC-4E2E-B203-D5AA93B7FFC2}.Release|Any CPU.Build.0 = Release|Any CPU
		{AA1DEE12-4882-45DC-983C-5EA7933FD797}.Debug|Any CPU.ActiveCfg = Debug|Any CPU
		{AA1DEE12-4882-45DC-983C-5EA7933FD797}.Debug|Any CPU.Build.0 = Debug|Any CPU
		{AA1DEE12-4882-45DC-983C-5EA7933FD797}.Release|Any CPU.ActiveCfg = Release|Any CPU
		{AA1DEE12-4882-45DC-983C-5EA7933FD797}.Release|Any CPU.Build.0 = Release|Any CPU
	EndGlobalSection
	GlobalSection(SolutionProperties) = preSolution
		HideSolutionNode = FALSE
	EndGlobalSection
	GlobalSection(ExtensibilityGlobals) = postSolution
		SolutionGuid = {4F5FB7A1-2B3E-4D2C-8E97-0A9597A376D4}
	EndGlobalSection
EndGlobal
